
Microsoft Visual Studio Solution File, Format Version 12.00
# Visual Studio 2013
VisualStudioVersion = 12.0.31101.0
MinimumVisualStudioVersion = 10.0.40219.1
Project("{FAE04EC0-301F-11D3-BF4B-00C04F79EFBC}") = "DEV_2", "DEV_2\DEV_2.csproj", "{932DE962-38E8-46D3-ADC4-924F4B5BFA43}"
EndProject
Project("{FAE04EC0-301F-11D3-BF4B-00C04F79EFBC}") = "SequenceBuilder.Test", "SequenceBuilder.Test\SequenceBuilder.Test.csproj", "{1AD77B77-9D80-47FF-8F54-77BA66C25BFF}"
EndProject
Global
	GlobalSection(SolutionConfigurationPlatforms) = preSolution
		Debug|Any CPU = Debug|Any CPU
		Release|Any CPU = Release|Any CPU
	EndGlobalSection
	GlobalSection(ProjectConfigurationPlatforms) = postSolution
		{932DE962-38E8-46D3-ADC4-924F4B5BFA43}.Debug|Any CPU.ActiveCfg = Debug|Any CPU
		{932DE962-38E8-46D3-ADC4-924F4B5BFA43}.Debug|Any CPU.Build.0 = Debug|Any CPU
		{932DE962-38E8-46D3-ADC4-924F4B5BFA43}.Release|Any CPU.ActiveCfg = Release|Any CPU
		{932DE962-38E8-46D3-ADC4-924F4B5BFA43}.Release|Any CPU.Build.0 = Release|Any CPU
		{1AD77B77-9D80-47FF-8F54-77BA66C25BFF}.Debug|Any CPU.ActiveCfg = Debug|Any CPU
		{1AD77B77-9D80-47FF-8F54-77BA66C25BFF}.Debug|Any CPU.Build.0 = Debug|Any CPU
		{1AD77B77-9D80-47FF-8F54-77BA66C25BFF}.Release|Any CPU.ActiveCfg = Release|Any CPU
		{1AD77B77-9D80-47FF-8F54-77BA66C25BFF}.Release|Any CPU.Build.0 = Release|Any CPU
	EndGlobalSection
	GlobalSection(SolutionProperties) = preSolution
		HideSolutionNode = FALSE
	EndGlobalSection
EndGlobal
